
Microsoft Visual Studio Solution File, Format Version 12.00
# Visual Studio Version 16
VisualStudioVersion = 16.0.30907.101
MinimumVisualStudioVersion = 10.0.40219.1
Project("{9A19103F-16F7-4668-BE54-9A1E7A4F7556}") = "eL_Etiz.Website", "eL_Etiz.Website\eL_Etiz.Website.csproj", "{ECD12D4E-1F8B-4C3F-B844-A5849EBFED14}"
EndProject
Global
	GlobalSection(SolutionConfigurationPlatforms) = preSolution
		Debug|Any CPU = Debug|Any CPU
		Release|Any CPU = Release|Any CPU
	EndGlobalSection
	GlobalSection(ProjectConfigurationPlatforms) = postSolution
		{ECD12D4E-1F8B-4C3F-B844-A5849EBFED14}.Debug|Any CPU.ActiveCfg = Debug|Any CPU
		{ECD12D4E-1F8B-4C3F-B844-A5849EBFED14}.Debug|Any CPU.Build.0 = Debug|Any CPU
		{ECD12D4E-1F8B-4C3F-B844-A5849EBFED14}.Release|Any CPU.ActiveCfg = Release|Any CPU
		{ECD12D4E-1F8B-4C3F-B844-A5849EBFED14}.Release|Any CPU.Build.0 = Release|Any CPU
	EndGlobalSection
	GlobalSection(SolutionProperties) = preSolution
		HideSolutionNode = FALSE
	EndGlobalSection
	GlobalSection(ExtensibilityGlobals) = postSolution
		SolutionGuid = {A59E3D50-1A62-4685-AFD4-5D372E81451E}
	EndGlobalSection
EndGlobal
